commit 1c1acf581573dca4cbffc0ffa74c7e9221d948ac

6f502e62815471f41b1aea89268f568329fe2d3b0b6e126b375e4b5310698e8f  air/dragon-rapide.blend
14519bc4fa5e0216d5943693709c2cce981b80fa63676d5d8f259fdfbb41ac31  boats/dogger.blend
ac21f8f1d7d6ed9202a46559425eb9a64ce67f9ec4b050a328098054fafe5ecb  boats/secr-queen.blend
0c035e31ecec1d3f199e9e8608f6e6dc173b257a26554f70dfe30201a1df6943  citybuildings/1600-detatched-house-2f-snow.blend
3d53c58274073ba2f996c10ff5aa6567f7569ce7096d391d87e30bdd119332b0  citybuildings/1600-detatched-house-2f.blend
07ac6918c0115c1a9b1b2bfaa1d4f7f0a9aba1b8a0712d3ae1dd6d13c0db2374  citybuildings/1860-gasometer.blend
54632d99e44ed5a3516d29cf76ceccf9d0f39d7dd7f65bf1ff467d59cba5e391  citybuildings/1870-pub.blend
dc2151696b7342549bc74e512b21070643b70aa5811793517a21cd964b31bcb2  citybuildings/1870-townhouse-3f.blend
c49f398dfa0a351a0bac89c9901e1b27a7863eaae7f13242956dd429a7416610  citybuildings/1890-detatched-house-3f.blend
29a6e8b1495729928134148223002951cd910a4acd4133138d6648b8ec83373f  citybuildings/1920-detatched-house-2f.blend
26dfe7d6716e2a090b3bc98c46337150d79116d3eb6901221347a5b140a1cf58  citybuildings/70-small-office.blend
4dd4e81e5ddf105a60ad3db42ebfcf47a6c32ff71e81c53599808883e63b68f6  grounds/fence.blend
7010d35265c584bdb5892c450187b975233dfbbc1f5c9378297cb47a6b490788  narrowgauge/hunslet-port.blend
5df2fe3ed6845f6c6f72c138b661bf0c9e8e889dd31412c4ac00b02226e517a4  piers/pier-ArchConcrete.blend
c10e5f1011df06f620de3d43e3c4330b29efb33f1de07313028b5903b6177f7b  piers/pier-concrete.blend
f17f8abad6bad5300743c8cc382b56c6706d6bef5250f25e9e747b33d55389dd  piers/pier-ironArch2.blend
1519baf475969a99175b896d5351c7d5ea0c55eb9b05d44964816d0106a471ad  piers/pier-steel2-heavy-diag.blend
33bbd1b5334015eba9eb4497178b1941ab57f829134d125ded58936b274ec908  piers/pier-steel2-heavy.blend
6a674a73dd08929c6c9c648d47553265daec1276e5c9252da43eac5e7da2a3f0  piers/pier-steel2-sup.blend
7dad21b2752929d863a717b8389a3a85a57824d6202c4af2624e1451e00d5daa  piers/pier-steel2-sup1.blend
06b369ef7765175e8ad7179aa41fdd4ad028365591f90a50b54c1d16bb2f70a3  piers/pier-steel2.blend
9ae025f6ff5528a1202b53136587a249a803a3535fee9f0700cdbd0cb5efd0c0  piers/pier-steel2diag.blend
422ee30142aa676d7ae25c97e3a2f49fb8f424f35f1a370bd07c0fa7079819fc  piers/pier-thin.blend
cbf3351f73fcdcbbb537e096c593b4c8233907bcab6d1b1be9ff2a9774389ea5  render_SimutransRender_pak128Britain-65.py
f4144f7552c1a5433da336549f6865e96ce33d33ed1d377a7b457848d7068f18  signals/mechanical-signalbox-large.blend
3706ddfc29141467154f2e45beb1895740cc557921e1b1ea3eb75f601d20136e  textures/flemish-bond-improved.png
a5a180cca726c1de1941b97cf60817cb5ec017e3939069dcea4feb315e3070dc  textures/grey_roof_slate.jpg
cb9db5c51e959ddaa2e9008d1308e9c811906aa7c5b95ba377b25493bdac2560  textures/limestone.jpg
19ed5ceb8b4c41a9d2bb646c02111e5755dbab8177d5bd19887d988989a167b5  textures/scratched_bricks_9271342.JPG
de1aa703bec21d3e1d73d72057c08bcf507e9ba1d9bf7877258777434367eb94  trains/Carriages/4wheel-1850.blend
6fa4b06495d424736826f3cf96627f643679c9823b0bf36f128b85eca04a3ca0  trains/Carriages/4wheel-open-third.blend
4adbba56bdc857697341306fe9bb0358cd90f915429bd8212ab87c115d1dd7ef  trains/Carriages/6wheel-parliamentary.blend
65603e7110e2094a48ee98ed8419629da93a06427a661abab92d46468b5aba2f  trains/Locomotives/br-2mt-tank.blend
714f4903c83cd31fc88b143972ea611f758ac1539aae0d126df0453850c4bcbf  trains/Locomotives/br-4mt-tank.blend
688df9e89bdbd1d589923004b934feaac97463a2cf435b1fed3ebcdb66ec7789  trains/Locomotives/br-7mt-tender.blend
57eb45ad7ebc8a99e16841783289c6b4df8c1c6ef837e932d31cd71767ab2ae0  trains/Locomotives/br-7mt.blend
22799ed2ced5588393eef3f549567576a080bcacff78adda83b8bdb2130dd3b6  trains/Locomotives/br-8p.blend
89be9f18b27117b1e321756ed1264f4d8ee5ca0f17dea76a1f0173ae39a6c11f  trains/Locomotives/br-9f-tender.blend
a539e105bc7cc527a1a95d78236c4c27c6e347ebc8f57c96d411b6c96ce48e37  trains/Locomotives/br-9f.blend
dbce577d79376dbc17704e51727348b23d5e804d5e8224aff80050c7c3c51474  trains/Locomotives/br-cl15.blend
0d98ca05befa6aede981613dd12f55661ec51ff290b7cfb35a5050da02e09153  trams/blackpool-brush.blend
1be31e6f39f635966184ad26e6dbf15dc5bdc069ec7ce764a01de2e121946550  trees/oak.blend
fe4631ae886ea54f423a48ee6d5f3fc7d53c9d9d437566033aa5e5fce1e1b70b  ways/brick-retaining-arch-end.blend
153dec3877caa1bfcd3141478dc17b02a8bbc64def4af6155a538229f73610f4  ways/brick-retaining-arch-single-height.blend
c92eb2a7e09b52ace75ca3b1090ffe4d150360f5663b83afddb97c4f7b51bddd  ways/brick-retaining-arch-single-to-double.blend
c5f062db6d925026da386cfc17239d6c7bd43e59ee89a26554710e9f3936c4cc  ways/brick-retaining-arch.blend
6647644b9cfdd7789c68a39fd402b0bcb085d4bc9cc5fbb3b4433f9e7a9c2b06  ways/elevated-slope.blend
8db9d51e4bc9d27c10d92cd00de4731fb9965ce886487ebd6db756b9fdd825b4  ways/elevated-slopeh.blend
9626d1d1ce23e6f2dc228b4754829fc066fcfc6cb33a4f178f5502344cfa40b7  ways/ns-cssr.blend
e33c94fcc3da5bd61a1bf14b838fb0fe55cd9a7d144895fe498422535e5d1e6d  ways/tarmac/standard-city-base.blend
14a665a1fe1b723393015574422fd3acf6382fb7a29619effee7a361457f481c  ways/tgv.blend
