commit 1c1acf581573dca4cbffc0ffa74c7e9221d948ac

de1aa703bec21d3e1d73d72057c08bcf507e9ba1d9bf7877258777434367eb94  trains/Carriages/4wheel-1850.blend
6fa4b06495d424736826f3cf96627f643679c9823b0bf36f128b85eca04a3ca0  trains/Carriages/4wheel-open-third.blend
a539e105bc7cc527a1a95d78236c4c27c6e347ebc8f57c96d411b6c96ce48e37  trains/Locomotives/br-9f.blend
dbce577d79376dbc17704e51727348b23d5e804d5e8224aff80050c7c3c51474  trains/Locomotives/br-cl15.blend
9626d1d1ce23e6f2dc228b4754829fc066fcfc6cb33a4f178f5502344cfa40b7  ways/ns-cssr.blend
e33c94fcc3da5bd61a1bf14b838fb0fe55cd9a7d144895fe498422535e5d1e6d  ways/tarmac/standard-city-base.blend
14a665a1fe1b723393015574422fd3acf6382fb7a29619effee7a361457f481c  ways/tgv.blend
