commit c54a058a3c4bf0ef16234d597e4bca998a399aff

7668dbbe2b5e2dcd47d496bfd1da6f70b23a7fe76773c71e84fe761f50b117d9  attractions/stonehenge.blend
6b7707ed578d238afd71c4bff7a380e1078c85bf18dfc29d8b33b79f24084f1b  ways/brick_viaduct/pillar.blend
4b51f431c17456c07392bb522dc299ebd7cfb071dc38ba494483dd17086225a6  ways/brick_viaduct/straight.blend
2b2a3cc7bcff453c1aed55def606e9adf144b4e9ada7fb6edb9ff0ea388d6a46  ways/concrete-viaduct-road/straight.blend
94cbfd3009fc29c6fdb3cc59e919aa9640f569c808a78802340cf6f584111236  ways/concrete_viaduct/3-way.blend
9315256fd6c6a4dde9dfef1ccca64e13331679955a7bd21bfaf0e0d36ea5e662  ways/concrete_viaduct/4-way.blend
23f6d9931d3834dab1ec858912e5ec4dcccdaa736fa5533d6af08e2532d206db  ways/concrete_viaduct/DIAGONAL.blend
6884f2f4c6f98230894a97e7b86b26d574b1c19a7678930ff6f81fdecf497a99  ways/concrete_viaduct/elevated-slope.blend
5dab93ec0d3f0c7f9407c0fd6fec10e43ac43814361ba6e52915f51a5adf0879  ways/concrete_viaduct/end-full.blend
80a871c612a8df748b221f432aec9ca04d8d5724e0822d6c6393967023a51b6e  ways/concrete_viaduct/end.blend
8e61271cf8c959a70600b72a05c560523fad55c084488cdbdcdd7d3c9254ec12  ways/concrete_viaduct/pillar.blend
2a89459b3f5bbc6b3ea111f464e07d314c9f0c6a9825cbe3e9b8f87f5f37e214  ways/concrete_viaduct/slope.blend
5872bd747234a6bf4016e8b7f8a5d16a78bca15e8280c791c9c0e937f2f54707  ways/concrete_viaduct/straight-end.blend
abd1cc14ac6540d1b45e73897273488ca65cfde26a8377eabbfe49a67604885a  ways/concrete_viaduct/straight.blend
6b7707ed578d238afd71c4bff7a380e1078c85bf18dfc29d8b33b79f24084f1b  ways/masonry-viaduct/pillar.blend
b34d50e335f78d1582e4a17a5b376bfea9b6a6ecbede03fe49c19cf5fc90fd80  ways/masonry-viaduct/straight.blend
d34c885637962c833c6191800d0883397d37cb5d3ceb61cd89a2174118684986  ways/plate_girder/end.blend
1fa352c1335fba7815e8638fb27ecc2882835d09b15f453316cc5c375fade2f1  ways/plate_girder/pillar.blend
9fa7e97423debfc01ecb617c4ee49009e1db8883b84507c8825c04f39e98d89c  ways/plate_girder/slope.blend
5872bd747234a6bf4016e8b7f8a5d16a78bca15e8280c791c9c0e937f2f54707  ways/plate_girder/straight-end.blend
e43bef0624086aed40fd50e0bc20a19c8dc4768544b61942f87a5aff563106f9  ways/plate_girder/straight.blend
2b2a3cc7bcff453c1aed55def606e9adf144b4e9ada7fb6edb9ff0ea388d6a46  ways/steel-truss-road/straight.blend
ddf5d5f691ecbf9c77183ada1ebcf7fed28d4aef1d9a1de38f29b67130856398  ways/stone-tunnel.blend
1fa352c1335fba7815e8638fb27ecc2882835d09b15f453316cc5c375fade2f1  ways/streel-truss/pillar.blend
bd5bcc36d48bf2bb719474b3ffc314e9a2c46d6449f1b5ac2bbefaa18a052a6a  ways/streel-truss/straight.blend
2b2a3cc7bcff453c1aed55def606e9adf144b4e9ada7fb6edb9ff0ea388d6a46  ways/wooden_trestle/straight.blend
