commit c54a058a3c4bf0ef16234d597e4bca998a399aff

d34c885637962c833c6191800d0883397d37cb5d3ceb61cd89a2174118684986  ways/plate_girder/end.blend
1fa352c1335fba7815e8638fb27ecc2882835d09b15f453316cc5c375fade2f1  ways/plate_girder/pillar.blend
9fa7e97423debfc01ecb617c4ee49009e1db8883b84507c8825c04f39e98d89c  ways/plate_girder/slope.blend
5872bd747234a6bf4016e8b7f8a5d16a78bca15e8280c791c9c0e937f2f54707  ways/plate_girder/straight-end.blend
e43bef0624086aed40fd50e0bc20a19c8dc4768544b61942f87a5aff563106f9  ways/plate_girder/straight.blend
