commit e36ec2321681baa06654be06e4b169965c0beec9

57d0aa3f34b7cf323d3503b9f4a80fc18fa945b96d344593295f310144b0e519  air/images/dragon-rapide_E.png
c5cf110f2e79324b10c459f6da14ce28ad56a16f6414df4a8f12d0a3a5acf64e  air/images/dragon-rapide_N.png
b57a0dea6b8e4abde961bb817ec5bb9e2c8e3fc92d13662f5e2f302e44ea7585  air/images/dragon-rapide_NE.png
286b4fa8f3e8140f8c10d8a65eb5768d7789d4feccea5d6dbc63f6783aa15164  air/images/dragon-rapide_NW.png
334a4a77df1078a93f0480b1e2058d3b5aa223b3ae731069d7204aa29824869f  air/images/dragon-rapide_S.png
52ea0451bc0d5bb767195616ea4729b9554421cc5c52a098935cc8221f98be29  air/images/dragon-rapide_SE.png
be21d7de5f5222926e9dc218b79a7544ad05b51b2b0f89299349edd5968c2388  air/images/dragon-rapide_SW.png
92133a1fe883ea4c2e3a2ec18083cb90b5239414bfef5a481257218006936c1b  air/images/dragon-rapide_W.png
cc3de0576ff24724d5ad124eabde78d85b50e77aa577b96255520b07309c0483  boats/images/dogger_E.png
733306b6527b14044160d78a31d94872f5efa4336370a23bc0e0bb54b2cfcd07  boats/images/dogger_N.png
7dda0df68c22d494cc15c841f0c54d091199c194f845b966ee4a563cb2d44b8b  boats/images/dogger_NE.png
54e39ed359a1d9573603b183c2e21fe47c528deaa9615297b5ab2f3f7947a5c5  boats/images/dogger_NW.png
7eea2ccf70582e74d5c4df47823e4d4c84506ecd9a81c4026e0e023e8514997a  boats/images/dogger_S.png
84dcdc3bf03e701457f5f792f32960533296270c7280fa7891d48e743854b445  boats/images/dogger_SE.png
881aef0cfe769f4441ca902b173eb4ff67d52ef49c4b4a054849229cf8770ffb  boats/images/dogger_SW.png
2c1aecd357a6ae8dd2879885a62f791c94a383e992b0d970f796efa8ae793622  boats/images/dogger_W.png
9b8c84da3646b29532b603a76bff1c4092cdd856506a3325d044feb5a5c23d97  boats/images/secr-queen_E.png
ba8381d88410a7b135cbec708a30d34c5bd0a79e1783a1db5626ac365618e3a0  boats/images/secr-queen_N.png
4a13a699d9ac124c0cfc8efdc8d76748c8945f7b2ea6cde9fde8cc574ea7d538  boats/images/secr-queen_NE.png
7b3142ae6f49640959ff0f7abac34986b84d3ceadfa26c52e4701c84405a49cf  boats/images/secr-queen_NW.png
68c7bf1837c2f69fc86449d4e042881da6a21bfcc426b6f9aa29ad2b396a1dd4  boats/images/secr-queen_S.png
c97f2e527046fb404b1fb8c3d3b83cc869925b10f259ebef0d57f757b88fff7f  boats/images/secr-queen_SE.png
19d141b495696a121b9e3dadc67b1986ee25db60921e14b3acac1360215f1bcb  boats/images/secr-queen_SW.png
7248a9973dc8bf7de44d0c870e820084153469fbcea0cf4386da7c031743512f  boats/images/secr-queen_W.png
2cf451a430d3094db744df9954d2a82a2ac913551c1e9e60329f66f18cef55c1  citybuildings/images/com/1870-pub.png
26a83caba7aeebe50cae69e6da0dd7e05489644ee40348316394575a94605091  citybuildings/images/com/70-small-office.png
a964481307fa50c5e2d9e03465e70fac4702a36ef53f8637455ac01663f269bf  citybuildings/images/ind/1860-gasometer.png
94eafa9c532df4e9aebba9de746baa3a27ec6ec38d54601b5cc0780fe6426c9e  citybuildings/images/res/1600-detatched-house-2f.png
42fbff57fd158a9c6467007814e96ae3fd18e1dd58856832ef4b6b1612c84191  citybuildings/images/res/1870-townhouse-3f.png
901d8b56a818858ae776b54be1dd9449a4a2fcefe6d7ee01e3b48a45bc9a5d6a  citybuildings/images/res/1890-detatched-house-3f.png
a4ccb98ed7aaa457332e0344977ecd343ece5dfd5609fc71659e52b62c068ba8  citybuildings/images/res/1920-detatched-house-2f.png
7eb7d2517ac6c1851a93c701e5288fe96b2343f33d82f06820c98f12aee08ada  citybuildings/res-1600.dat
c2b9f946cf8da222fb8f32f9db9999f3497745418aa35cf86cbcd0a5a0a7afb9  demo.sve
d98bd9585348d929f6aa30f0c0f96a63a3b6df16105b51ad556b7e72a013ac7b  grounds/TextureGrounds.dat
04fd2f83ce3c033dbaedf8cd503fcfed3c73cbfc713e89fe2d0fc89b659b342c  grounds/images/fence-3.png
658e6a530cfbaa3728d8d5794606d59d62304bf4f2b1030822f324a088a81a3e  grounds/images/fence-4.png
4c9dcdee05595dde2b067e68065ce8a851395716aa04f2d865cc20f4f5ba1b28  grounds/images/fence-5.png
bae30ddf7f3fff323930bc86e657e0aeeef8c0a60e8566ae20b3735aaa9376e9  grounds/images/texture-climate.png
d875901a1597a10f209ae006a383762484e0ae7f45735432bb66b77409a766f8  grounds/images/texture-lightmap.png
4572946df50fad8096c1a6a60bf455f730d88054d66716d590c252b37214ec3c  grounds/marker.dat
30a41105ac714388e22e0943508b3f05166628faf5f51d0a310236058d0c0290  gui/gui128/OTRP_Arrows.png
a3139aa06cfdc04445e317b4dc728f68a18ccfb7d0e8c5a338b4e5aaa71bc16e  gui/gui128/big-logo-britain.png
889c02ace497057dbbd587e8860a3d166c4f98e149f836a1a95704d0f5e389ae  gui/gui128/construction-site.png
96cffba5328fa9d53592882494cb70017d25312542fe44097841c906fe2cd401  gui/gui128/ls-cursors.png
dca82f7e898f70c484b642827bc269c141aea0a308ebf7359911dad43a9886d8  gui/gui64/ColorOptions.png
8e51b587608f6e2d1292f9d6dfbdb51d3e49c58dbb12d7f084065fb06b5a6017  gui/gui64/compass-map.png
9bd14158316ae5efd405b219c6e29fabced0a6a588d91ffec0caea45ce4b61ab  gui/gui64/compass-old.png
292c10154930707012fd483445e1b51bfbdcfb1d9a554052b3c559d1f733b5d2  gui/gui64/evaluation-icons.png
377e746bf5e4b90c2a5309c769c03114b3cf0fcb20bf522589c9a29fd1edaf00  gui/gui64/ex-gui-icons.png
737931fb8d4e15f428a465874c118a9c51b356d1b3536aedd568d5d7964cdc39  gui/gui64/goods-category.png
437289397d7c44524f9ac521c79cf632f0f5d6eb4814e5150dfd45ead8ca8593  gui/gui64/ls-symbols.png
7114e4f1750f736cab5a2dfb1b23ac6bb9f932f5bdbd70e3e51124084498d90e  gui/gui64/menu_buttons.png
ebc7a6c6d65177ea1baaecc6a31aaed3f426ad26e539a6eb36ce1e2a9ffef320  gui/gui64/skins.png
394df94ce60c8299173af4deae07326afacafa7e39ef84a9655a0e32c17182a5  signalboxes/images/mechanical-signalbox-large.png
5281a6e823f8cf519c39cb842920f44a9f81857c482acdae81e0327a668b3db5  sound/androo4519-class-17.wav
497bd8937a676981de7f018fe4f46b32fdd31abfe3ecac8decce2d0349af52d4  sound/andysvideo-vickers-vimy.wav
cfdbb249986df41bdf38cbe243ce18e8688b03da75b45955261803f481ab5a82  sound/the-mart-ban-br-9f.wav
3dfa867ec0b695f5ae658f82cfb12d6418cd183d7431d5f4c1d1bd66a8e2eb22  sound/tom-tait-tram.wav
d5e817987a25b965ba58ca24e4bad5f4df827e7871db7765a6e360268628acfd  symbol.BigLogo.pak
9869a74cb625842b595296986376028400809534f5eda389e37e3318dbdefb49  trains/carriages/4wheel-1850-first-lnwr_E.png
8a2b8f520e1b32096bac40cd90cdc15f55e6cf92cd5f22dfafab083c1415a389  trains/carriages/4wheel-1850-first-lnwr_N.png
7e975ce13f5b5485c01f41c2a378e07629be1e96888ca31f067027eeabc5144d  trains/carriages/4wheel-1850-first-lnwr_NE.png
fc1d52358e791cc5b9c20da025fcf8f685d643340aec7e8e821761f70570450d  trains/carriages/4wheel-1850-first-lnwr_NW.png
722d3e1f57affb9a4e785ae243ecc297e69a8b1baed68846b553603c7b0363f0  trains/carriages/4wheel-1850-first-lnwr_S.png
75da3e44cc4fef4c9e160ee8db2a1ee574467b6fe48025e0d7ab26d8e76f3c78  trains/carriages/4wheel-1850-first-lnwr_SE.png
f56f47f1d5b0a6896357d60cfda222505060d6efaa6d4d4802e33815f775976b  trains/carriages/4wheel-1850-first-lnwr_SW.png
b5278b0d71018ae6946aac3892252be32ef888f366e45aa13c45102e22829d3d  trains/carriages/4wheel-1850-first-lnwr_W.png
123695d149c86c126c9ed78779cdb7ba309ad96c470e7a00efeced4bf6e57328  trees/oak-summer-0_S.png
3b80036231d8b9d256bb644e1a3ed396f67be3248539cd07a361d02ebb69b44a  trees/oak-summer-1_S.png
eb24e2756a5bf51b7d14a792efef2bcf6bcfd69973223b21b769b577cd91a5f5  trees/oak-summer-2_S.png
89902a60a1eb7fcb69b72f228cbf1850d703baabe8b612ff8c84c361c4c13c48  trees/oak-summer-3_S.png
e0e5e2d132bad3bd06e9baa20ea7e0cb9bf8fc6b81a39d4a2caf04975a6089eb  trees/oak-winter-3_S.png
69eb7341b0a1f1b4e9f4339bec62ee947d1b0a649ce734f7abece8eb0401f04c  trees/oak-winter-snow-3_S.png
8dbbeb69b9a65e3280a87f00e7f83f182bb3f253398bb817f2d0753632669a60  ways/images/cast_iron.png
dad2313b813833ebba4c6382767f28ff25fc9bfe4135699ff572ffa8cb9657f8  ways/images/concrete_sleeper_steel_rail.png
6f7e2eacd7ccabe5c31550fa3d6bcfe3859e2b7ae11745d0783afb80d0650407  ways/images/plate-girder.png
81fc0e57fafffea38e7e8e71097ee7f9c5fc1d3e543ecca1f1b40dc6c2f4b2e9  ways/images/tarmac_road.png
f6d1a4b751527561f77c62e1e4dff5593cb9ec7f6cc0a05858d3ee54654ef90e  ways/images/tgv.png
0989d3782b81d274e9b7f07501e473c2b1a23e59b56fccd28dd0c4011c638a41  ways/images/wooden_sleeper_steel_rail_early.png
13a40aa04c89ee07c0e886867a22116f5401068eb6b48569d9a54cb61bc3db35  ways/images/wooden_sleeper_steel_rail_improved.png
f67e915e6262d5a29f4f7a305a94540d42c210f76d0eeb3bc5d1e508148b1312  ways/images/wrought_iron.png
452a1f7da8bc4a733f6ac436103e718d44c9d0e2fda8734317cf8a74ce48092f  ways/images/wrought_iron_light.png
