commit e36ec2321681baa06654be06e4b169965c0beec9

94eafa9c532df4e9aebba9de746baa3a27ec6ec38d54601b5cc0780fe6426c9e  citybuildings/images/res/1600-detatched-house-2f.png
c2b9f946cf8da222fb8f32f9db9999f3497745418aa35cf86cbcd0a5a0a7afb9  demo.sve
04fd2f83ce3c033dbaedf8cd503fcfed3c73cbfc713e89fe2d0fc89b659b342c  grounds/images/fence-3.png
658e6a530cfbaa3728d8d5794606d59d62304bf4f2b1030822f324a088a81a3e  grounds/images/fence-4.png
4c9dcdee05595dde2b067e68065ce8a851395716aa04f2d865cc20f4f5ba1b28  grounds/images/fence-5.png
bae30ddf7f3fff323930bc86e657e0aeeef8c0a60e8566ae20b3735aaa9376e9  grounds/images/texture-climate.png
30a41105ac714388e22e0943508b3f05166628faf5f51d0a310236058d0c0290  gui/gui128/OTRP_Arrows.png
a3139aa06cfdc04445e317b4dc728f68a18ccfb7d0e8c5a338b4e5aaa71bc16e  gui/gui128/big-logo-britain.png
889c02ace497057dbbd587e8860a3d166c4f98e149f836a1a95704d0f5e389ae  gui/gui128/construction-site.png
96cffba5328fa9d53592882494cb70017d25312542fe44097841c906fe2cd401  gui/gui128/ls-cursors.png
dca82f7e898f70c484b642827bc269c141aea0a308ebf7359911dad43a9886d8  gui/gui64/ColorOptions.png
8e51b587608f6e2d1292f9d6dfbdb51d3e49c58dbb12d7f084065fb06b5a6017  gui/gui64/compass-map.png
9bd14158316ae5efd405b219c6e29fabced0a6a588d91ffec0caea45ce4b61ab  gui/gui64/compass-old.png
292c10154930707012fd483445e1b51bfbdcfb1d9a554052b3c559d1f733b5d2  gui/gui64/evaluation-icons.png
377e746bf5e4b90c2a5309c769c03114b3cf0fcb20bf522589c9a29fd1edaf00  gui/gui64/ex-gui-icons.png
737931fb8d4e15f428a465874c118a9c51b356d1b3536aedd568d5d7964cdc39  gui/gui64/goods-category.png
437289397d7c44524f9ac521c79cf632f0f5d6eb4814e5150dfd45ead8ca8593  gui/gui64/ls-symbols.png
7114e4f1750f736cab5a2dfb1b23ac6bb9f932f5bdbd70e3e51124084498d90e  gui/gui64/menu_buttons.png
ebc7a6c6d65177ea1baaecc6a31aaed3f426ad26e539a6eb36ce1e2a9ffef320  gui/gui64/skins.png
5281a6e823f8cf519c39cb842920f44a9f81857c482acdae81e0327a668b3db5  sound/androo4519-class-17.wav
497bd8937a676981de7f018fe4f46b32fdd31abfe3ecac8decce2d0349af52d4  sound/andysvideo-vickers-vimy.wav
cfdbb249986df41bdf38cbe243ce18e8688b03da75b45955261803f481ab5a82  sound/the-mart-ban-br-9f.wav
3dfa867ec0b695f5ae658f82cfb12d6418cd183d7431d5f4c1d1bd66a8e2eb22  sound/tom-tait-tram.wav
d5e817987a25b965ba58ca24e4bad5f4df827e7871db7765a6e360268628acfd  symbol.BigLogo.pak
